
Microsoft Visual Studio Solution File, Format Version 12.00
# Visual Studio 15
VisualStudioVersion = 15.0.28307.168
MinimumVisualStudioVersion = 10.0.40219.1
Project("{FAE04EC0-301F-11D3-BF4B-00C04F79EFBC}") = "PersistentAppVol", "PersistentAppVol\PersistentAppVol.csproj", "{EDE4EA34-2364-4752-8D63-41D8C5907D4A}"
EndProject
Global
	GlobalSection(SolutionConfigurationPlatforms) = preSolution
		Debug|Any CPU = Debug|Any CPU
		Release|Any CPU = Release|Any CPU
	EndGlobalSection
	GlobalSection(ProjectConfigurationPlatforms) = postSolution
		{EDE4EA34-2364-4752-8D63-41D8C5907D4A}.Debug|Any CPU.ActiveCfg = Debug|Any CPU
		{EDE4EA34-2364-4752-8D63-41D8C5907D4A}.Debug|Any CPU.Build.0 = Debug|Any CPU
		{EDE4EA34-2364-4752-8D63-41D8C5907D4A}.Release|Any CPU.ActiveCfg = Release|Any CPU
		{EDE4EA34-2364-4752-8D63-41D8C5907D4A}.Release|Any CPU.Build.0 = Release|Any CPU
	EndGlobalSection
	GlobalSection(SolutionProperties) = preSolution
		HideSolutionNode = FALSE
	EndGlobalSection
	GlobalSection(ExtensibilityGlobals) = postSolution
		SolutionGuid = {33629D2F-25AE-40FC-83FE-50D046E9A11F}
	EndGlobalSection
EndGlobal
